
Microsoft Visual Studio Solution File, Format Version 12.00
# Visual Studio Version 16
VisualStudioVersion = 16.0.30114.105
MinimumVisualStudioVersion = 10.0.40219.1
Project("{9A19103F-16F7-4668-BE54-9A1E7A4F7556}") = "SolarCofee.Data", "SolarCofee.Data\SolarCofee.Data.csproj", "{9532C377-4F9B-4C5E-AC19-21A06348B14C}"
EndProject
Project("{9A19103F-16F7-4668-BE54-9A1E7A4F7556}") = "SolarCofee.Services", "SolarCofee.Services\SolarCofee.Services.csproj", "{0F013812-9DAA-47A6-BE85-A16872DCD00C}"
EndProject
Project("{9A19103F-16F7-4668-BE54-9A1E7A4F7556}") = "SolarCofee.Test", "SolarCofee.Test\SolarCofee.Test.csproj", "{8F913931-EA2F-42F7-9EA8-6C36740838D9}"
EndProject
Project("{FAE04EC0-301F-11D3-BF4B-00C04F79EFBC}") = "SolarCofee.Web", "SolarCofee.Web\SolarCofee.Web.csproj", "{A67E689D-4FA3-4276-B046-7C39B08AC12D}"
EndProject
Global
	GlobalSection(SolutionConfigurationPlatforms) = preSolution
		Debug|Any CPU = Debug|Any CPU
		Release|Any CPU = Release|Any CPU
	EndGlobalSection
	GlobalSection(ProjectConfigurationPlatforms) = postSolution
		{9532C377-4F9B-4C5E-AC19-21A06348B14C}.Debug|Any CPU.ActiveCfg = Debug|Any CPU
		{9532C377-4F9B-4C5E-AC19-21A06348B14C}.Debug|Any CPU.Build.0 = Debug|Any CPU
		{9532C377-4F9B-4C5E-AC19-21A06348B14C}.Release|Any CPU.ActiveCfg = Release|Any CPU
		{9532C377-4F9B-4C5E-AC19-21A06348B14C}.Release|Any CPU.Build.0 = Release|Any CPU
		{0F013812-9DAA-47A6-BE85-A16872DCD00C}.Debug|Any CPU.ActiveCfg = Debug|Any CPU
		{0F013812-9DAA-47A6-BE85-A16872DCD00C}.Debug|Any CPU.Build.0 = Debug|Any CPU
		{0F013812-9DAA-47A6-BE85-A16872DCD00C}.Release|Any CPU.ActiveCfg = Release|Any CPU
		{0F013812-9DAA-47A6-BE85-A16872DCD00C}.Release|Any CPU.Build.0 = Release|Any CPU
		{8F913931-EA2F-42F7-9EA8-6C36740838D9}.Debug|Any CPU.ActiveCfg = Debug|Any CPU
		{8F913931-EA2F-42F7-9EA8-6C36740838D9}.Debug|Any CPU.Build.0 = Debug|Any CPU
		{8F913931-EA2F-42F7-9EA8-6C36740838D9}.Release|Any CPU.ActiveCfg = Release|Any CPU
		{8F913931-EA2F-42F7-9EA8-6C36740838D9}.Release|Any CPU.Build.0 = Release|Any CPU
		{A67E689D-4FA3-4276-B046-7C39B08AC12D}.Debug|Any CPU.ActiveCfg = Debug|Any CPU
		{A67E689D-4FA3-4276-B046-7C39B08AC12D}.Debug|Any CPU.Build.0 = Debug|Any CPU
		{A67E689D-4FA3-4276-B046-7C39B08AC12D}.Release|Any CPU.ActiveCfg = Release|Any CPU
		{A67E689D-4FA3-4276-B046-7C39B08AC12D}.Release|Any CPU.Build.0 = Release|Any CPU
	EndGlobalSection
	GlobalSection(SolutionProperties) = preSolution
		HideSolutionNode = FALSE
	EndGlobalSection
	GlobalSection(ExtensibilityGlobals) = postSolution
		SolutionGuid = {A9562939-74FC-4D79-A216-E03595D72D4B}
	EndGlobalSection
EndGlobal
